Microsoft Visual Studio Solution File, Format Version 12.00
# Visual Studio Version 17
VisualStudioVersion = 17.5.2.0
MinimumVisualStudioVersion = 10.0.40219.1
Project("{2150E333-8FDC-42A3-9474-1A3956D46DE8}") = "src", "src", "{827E0CD3-B72D-47B6-A68D-7590B98EB39B}"
EndProject
Project("{FAE04EC0-301F-11D3-BF4B-00C04F79EFBC}") = "freelancy.Api", "src\freelancy.Api\freelancy.Api.csproj", "{6ECF5474-82C7-D296-2625-F3C819645193}"
EndProject
Project("{FAE04EC0-301F-11D3-BF4B-00C04F79EFBC}") = "freelancy.Application", "src\freelancy.Application\freelancy.Application.csproj", "{43A661E4-5079-4695-4D6B-C4AF64E68375}"
EndProject
Project("{FAE04EC0-301F-11D3-BF4B-00C04F79EFBC}") = "freelancy.Domain", "src\freelancy.Domain\freelancy.Domain.csproj", "{BAACF82F-48D8-D75D-38EF-49DE93C6001B}"
EndProject
Project("{FAE04EC0-301F-11D3-BF4B-00C04F79EFBC}") = "freelancy.Infrastructure", "src\freelancy.Infrastructure\freelancy.Infrastructure.csproj", "{C5DE40C6-2BD4-339F-1C73-6F9434FF4602}"
EndProject
Global
	GlobalSection(SolutionConfigurationPlatforms) = preSolution
		Debug|Any CPU = Debug|Any CPU
		Release|Any CPU = Release|Any CPU
	EndGlobalSection
	GlobalSection(ProjectConfigurationPlatforms) = postSolution
		{6ECF5474-82C7-D296-2625-F3C819645193}.Debug|Any CPU.ActiveCfg = Debug|Any CPU
		{6ECF5474-82C7-D296-2625-F3C819645193}.Debug|Any CPU.Build.0 = Debug|Any CPU
		{6ECF5474-82C7-D296-2625-F3C819645193}.Release|Any CPU.ActiveCfg = Release|Any CPU
		{6ECF5474-82C7-D296-2625-F3C819645193}.Release|Any CPU.Build.0 = Release|Any CPU
		{43A661E4-5079-4695-4D6B-C4AF64E68375}.Debug|Any CPU.ActiveCfg = Debug|Any CPU
		{43A661E4-5079-4695-4D6B-C4AF64E68375}.Debug|Any CPU.Build.0 = Debug|Any CPU
		{43A661E4-5079-4695-4D6B-C4AF64E68375}.Release|Any CPU.ActiveCfg = Release|Any CPU
		{43A661E4-5079-4695-4D6B-C4AF64E68375}.Release|Any CPU.Build.0 = Release|Any CPU
		{BAACF82F-48D8-D75D-38EF-49DE93C6001B}.Debug|Any CPU.ActiveCfg = Debug|Any CPU
		{BAACF82F-48D8-D75D-38EF-49DE93C6001B}.Debug|Any CPU.Build.0 = Debug|Any CPU
		{BAACF82F-48D8-D75D-38EF-49DE93C6001B}.Release|Any CPU.ActiveCfg = Release|Any CPU
		{BAACF82F-48D8-D75D-38EF-49DE93C6001B}.Release|Any CPU.Build.0 = Release|Any CPU
		{C5DE40C6-2BD4-339F-1C73-6F9434FF4602}.Debug|Any CPU.ActiveCfg = Debug|Any CPU
		{C5DE40C6-2BD4-339F-1C73-6F9434FF4602}.Debug|Any CPU.Build.0 = Debug|Any CPU
		{C5DE40C6-2BD4-339F-1C73-6F9434FF4602}.Release|Any CPU.ActiveCfg = Release|Any CPU
		{C5DE40C6-2BD4-339F-1C73-6F9434FF4602}.Release|Any CPU.Build.0 = Release|Any CPU
	EndGlobalSection
	GlobalSection(SolutionProperties) = preSolution
		HideSolutionNode = FALSE
	EndGlobalSection
	GlobalSection(NestedProjects) = preSolution
		{6ECF5474-82C7-D296-2625-F3C819645193} = {827E0CD3-B72D-47B6-A68D-7590B98EB39B}
		{43A661E4-5079-4695-4D6B-C4AF64E68375} = {827E0CD3-B72D-47B6-A68D-7590B98EB39B}
		{BAACF82F-48D8-D75D-38EF-49DE93C6001B} = {827E0CD3-B72D-47B6-A68D-7590B98EB39B}
		{C5DE40C6-2BD4-339F-1C73-6F9434FF4602} = {827E0CD3-B72D-47B6-A68D-7590B98EB39B}
	EndGlobalSection
	GlobalSection(ExtensibilityGlobals) = postSolution
		SolutionGuid = {C8B35400-36E5-439B-9132-D9E0D5E2C172}
	EndGlobalSection
EndGlobal
